
Microsoft Visual Studio Solution File, Format Version 12.00
# Visual Studio Version 17
VisualStudioVersion = 17.5.002.0
MinimumVisualStudioVersion = 10.0.40219.1
Project("{2150E333-8FDC-42A3-9474-1A3956D46DE8}") = "CsharpProjects", "CsharpProjects", "{9D459621-C350-40B0-A322-3EB0CD9F51FC}"
EndProject
Project("{9A19103F-16F7-4668-BE54-9A1E7A4F7556}") = "TestProject", "CsharpProjects\TestProject\TestProject.csproj", "{58DE3A2D-0F8B-4F56-B7BD-6D263B9536BE}"
EndProject
Global
	GlobalSection(SolutionConfigurationPlatforms) = preSolution
		Debug|Any CPU = Debug|Any CPU
		Release|Any CPU = Release|Any CPU
	EndGlobalSection
	GlobalSection(ProjectConfigurationPlatforms) = postSolution
		{58DE3A2D-0F8B-4F56-B7BD-6D263B9536BE}.Debug|Any CPU.ActiveCfg = Debug|Any CPU
		{58DE3A2D-0F8B-4F56-B7BD-6D263B9536BE}.Debug|Any CPU.Build.0 = Debug|Any CPU
		{58DE3A2D-0F8B-4F56-B7BD-6D263B9536BE}.Release|Any CPU.ActiveCfg = Release|Any CPU
		{58DE3A2D-0F8B-4F56-B7BD-6D263B9536BE}.Release|Any CPU.Build.0 = Release|Any CPU
	EndGlobalSection
	GlobalSection(SolutionProperties) = preSolution
		HideSolutionNode = FALSE
	EndGlobalSection
	GlobalSection(NestedProjects) = preSolution
		{58DE3A2D-0F8B-4F56-B7BD-6D263B9536BE} = {9D459621-C350-40B0-A322-3EB0CD9F51FC}
	EndGlobalSection
	GlobalSection(ExtensibilityGlobals) = postSolution
		SolutionGuid = {B553887A-C61D-4A9B-A183-B15C78F9925F}
	EndGlobalSection
EndGlobal
